<?xml version="1.0" encoding="utf-8"?>
<Project ToolsVersion="4.0" xmlns="http://schemas.microsoft.com/developer/msbuild/2003">
  <ItemGroup>
    <Filter Include="Source Files">
      <UniqueIdentifier>{4FC737F1-C7A5-4376-A066-2A32D752A2FF}</UniqueIdentifier>
      <Extensions>cpp;c;cxx;cc;s;asm</Extensions>
    </Filter>
    <Filter Include="Header Files">
      <UniqueIdentifier>{93995380-89BD-4b04-88EB-625FBE52EBFB}</UniqueIdentifier>
      <Extensions>h;hpp</Extensions>
    </Filter>
    <Filter Include="Header Files\GameButtonClose">
      <UniqueIdentifier>{3ce1201f-0ccd-4646-9e91-b4dacbb89bb1}</UniqueIdentifier>
    </Filter>
    <Filter Include="Header Files\gopro">
      <UniqueIdentifier>{05e81694-b25b-48b7-81e5-e7753803b094}</UniqueIdentifier>
    </Filter>
  </ItemGroup>
  <ItemGroup>
    <ClCompile Include="prx.cpp">
      <Filter>Source Files</Filter>
    </ClCompile>
  </ItemGroup>
  <ItemGroup>
    <ClInclude Include="invoker.h">
      <Filter>Header Files</Filter>
    </ClInclude>
    <ClInclude Include="natives.h">
      <Filter>Header Files</Filter>
    </ClInclude>
    <ClInclude Include="types.h">
      <Filter>Header Files</Filter>
    </ClInclude>
    <ClInclude Include="enums.h">
      <Filter>Header Files</Filter>
    </ClInclude>
    <ClInclude Include="export.h">
      <Filter>Header Files</Filter>
    </ClInclude>
    <ClInclude Include="boxugafunctions.h">
      <Filter>Header Files</Filter>
    </ClInclude>
    <ClInclude Include="consts32.h">
      <Filter>Header Files</Filter>
    </ClInclude>
    <ClInclude Include="enums_new.h">
      <Filter>Header Files</Filter>
    </ClInclude>
    <ClInclude Include="Header.h">
      <Filter>Header Files</Filter>
    </ClInclude>
    <ClInclude Include="Dialog.h">
      <Filter>Header Files</Filter>
    </ClInclude>
    <ClInclude Include="BoxugaUtil.h">
      <Filter>Header Files</Filter>
    </ClInclude>
    <ClInclude Include="ExternalSources.h">
      <Filter>Header Files</Filter>
    </ClInclude>
    <ClInclude Include="externalMods.h">
      <Filter>Header Files</Filter>
    </ClInclude>
    <ClInclude Include="Files.h">
      <Filter>Header Files</Filter>
    </ClInclude>
    <ClInclude Include="loop.h">
      <Filter>Header Files</Filter>
    </ClInclude>
    <ClInclude Include="MenuUtils.h">
      <Filter>Header Files</Filter>
    </ClInclude>
    <ClInclude Include="socker.h">
      <Filter>Header Files</Filter>
    </ClInclude>
    <ClInclude Include="btncheck.h">
      <Filter>Header Files</Filter>
    </ClInclude>
    <ClInclude Include="C:\usr\local\cell\target\ppu\include\arpa\inet.h">
      <Filter>Header Files</Filter>
    </ClInclude>
    <ClInclude Include="C:\usr\local\cell\target\ppu\include\netinet\in.h">
      <Filter>Header Files</Filter>
    </ClInclude>
    <ClInclude Include="FazeModz\FazeModz.h">
      <Filter>Header Files\GameButtonClose</Filter>
    </ClInclude>
    <ClInclude Include="gopro2027.h">
      <Filter>Header Files\gopro</Filter>
    </ClInclude>
  </ItemGroup>
</Project>